
Microsoft Visual Studio Solution File, Format Version 12.00
# Visual Studio Version 17
VisualStudioVersion = 17.4.33213.308
MinimumVisualStudioVersion = 10.0.40219.1
Project("{8BC9CEB8-8B4A-11D0-8D11-00A0C91BC942}") = "RatonMovimiento2D", "RatonMovimiento2D\RatonMovimiento2D.vcxproj", "{66BFDCC9-2781-485B-A8C2-A0AA7A8EB701}"
EndProject
Global
	GlobalSection(SolutionConfigurationPlatforms) = preSolution
		Debug|x64 = Debug|x64
		Debug|x86 = Debug|x86
		Release|x64 = Release|x64
		Release|x86 = Release|x86
	EndGlobalSection
	GlobalSection(ProjectConfigurationPlatforms) = postSolution
		{66BFDCC9-2781-485B-A8C2-A0AA7A8EB701}.Debug|x64.ActiveCfg = Debug|x64
		{66BFDCC9-2781-485B-A8C2-A0AA7A8EB701}.Debug|x64.Build.0 = Debug|x64
		{66BFDCC9-2781-485B-A8C2-A0AA7A8EB701}.Debug|x86.ActiveCfg = Debug|Win32
		{66BFDCC9-2781-485B-A8C2-A0AA7A8EB701}.Debug|x86.Build.0 = Debug|Win32
		{66BFDCC9-2781-485B-A8C2-A0AA7A8EB701}.Release|x64.ActiveCfg = Release|x64
		{66BFDCC9-2781-485B-A8C2-A0AA7A8EB701}.Release|x64.Build.0 = Release|x64
		{66BFDCC9-2781-485B-A8C2-A0AA7A8EB701}.Release|x86.ActiveCfg = Release|Win32
		{66BFDCC9-2781-485B-A8C2-A0AA7A8EB701}.Release|x86.Build.0 = Release|Win32
	EndGlobalSection
	GlobalSection(SolutionProperties) = preSolution
		HideSolutionNode = FALSE
	EndGlobalSection
	GlobalSection(ExtensibilityGlobals) = postSolution
		SolutionGuid = {6DA87997-FB5C-4934-894B-D3FC71106EB9}
	EndGlobalSection
EndGlobal
